{
  "name": "zoomsdk",
  "lockfileVersion": 3,
  "requires": true,
  "packages": {
    "": {
      "dependencies": {
        "zoomsdk": "file:build/js"
      }
    },
    "build/js": {
      "name": "zoomsdk",
      "version": "0.0.1",
      "workspaces": [
        "packages/zoomsdk-sdk",
        "packages/zoomsdk-sdk-test",
        "packages_imported/ktor-ktor-client-core/2.3.8",
        "packages_imported/Kotlin-DateTime-library-kotlinx-datetime/0.5.0",
        "packages_imported/kotlin-test-js-runner/0.0.1",
        "packages_imported/kotlin-test/1.9.0"
      ],
      "devDependencies": {}
    },
    "node_modules/zoomsdk": {
      "resolved": "build/js",
      "link": true
    }
  }
}
